# THIS IS AN AUTOGENERATED FILE. DO NOT EDIT THIS FILE DIRECTLY.
# yarn lockfile v1
element-theme-default:
  version "1.0.8"
  resolved "https://registry.yarnpkg.com/element-theme-default/-/element-theme-default-1.0.8.tgz#8cb1619bb4a4e55ea74a6defea46841591c6320e"
  dependencies:
    vue-popup "^0.2.9"

vue-popup@^0.2.9:
  version "0.2.14"
  resolved "https://registry.yarnpkg.com/vue-popup/-/vue-popup-0.2.14.tgz#aa3d461c6f2ab01ef4546665d730395ec6028302"
  dependencies:
    wind-dom "0.0.3"

wind-dom@0.0.3:
  version "0.0.3"
  resolved "https://registry.yarnpkg.com/wind-dom/-/wind-dom-0.0.3.tgz#3456e3d959dbebdcbf76ca68c6a4e8142f26360f"

